Microsoft Visual Studio Solution File, Format Version 12.00
# Visual Studio Version 17
VisualStudioVersion = 17.5.2.0
MinimumVisualStudioVersion = 10.0.40219.1
Project("{FAE04EC0-301F-11D3-BF4B-00C04F79EFBC}") = "Clase9_Ejemplo", "Clase9_Ejemplo.csproj", "{0008B75D-0DF4-62B5-FE4E-18D1DADA51BA}"
EndProject
Global
	GlobalSection(SolutionConfigurationPlatforms) = preSolution
		Debug|Any CPU = Debug|Any CPU
		Release|Any CPU = Release|Any CPU
	EndGlobalSection
	GlobalSection(ProjectConfigurationPlatforms) = postSolution
		{0008B75D-0DF4-62B5-FE4E-18D1DADA51BA}.Debug|Any CPU.ActiveCfg = Debug|Any CPU
		{0008B75D-0DF4-62B5-FE4E-18D1DADA51BA}.Debug|Any CPU.Build.0 = Debug|Any CPU
		{0008B75D-0DF4-62B5-FE4E-18D1DADA51BA}.Release|Any CPU.ActiveCfg = Release|Any CPU
		{0008B75D-0DF4-62B5-FE4E-18D1DADA51BA}.Release|Any CPU.Build.0 = Release|Any CPU
	EndGlobalSection
	GlobalSection(SolutionProperties) = preSolution
		HideSolutionNode = FALSE
	EndGlobalSection
	GlobalSection(ExtensibilityGlobals) = postSolution
		SolutionGuid = {EA4D49FD-4D55-4349-BA93-A4DD70D04EA8}
	EndGlobalSection
EndGlobal
